// !$*UTF8*$!
{
	archiveVersion = 1;
	classes = {
	};
	objectVersion = 50;
	objects = {

/* Begin PBXBuildFile section */
		A201D5E422FEFEDC007D4611 /* AppDelegate.swift in Sources */ = {isa = PBXBuildFile; fileRef = A201D5E322FEFEDC007D4611 /* AppDelegate.swift */; };
		A201D5E622FEFEDD007D4611 /* Assets.xcassets in Resources */ = {isa = PBXBuildFile; fileRef = A201D5E522FEFEDD007D4611 /* Assets.xcassets */; };
		A201D5E922FEFEDD007D4611 /* MainMenu.xib in Resources */ = {isa = PBXBuildFile; fileRef = A201D5E722FEFEDD007D4611 /* MainMenu.xib */; };
		A201D5F822FF0014007D4611 /* PacketTunnelProvider.swift in Sources */ = {isa = PBXBuildFile; fileRef = A201D5F722FF0014007D4611 /* PacketTunnelProvider.swift */; };
		A201D5FD22FF0014007D4611 /* PacketTunnel.appex in Embed App Extensions */ = {isa = PBXBuildFile; fileRef = A201D5F522FF0014007D4611 /* PacketTunnel.appex */; settings = {ATTRIBUTES = (RemoveHeadersOnCopy, ); }; };
		A201D60422FF0045007D4611 /* NetworkExtension.framework in Frameworks */ = {isa = PBXBuildFile; fileRef = A201D60322FF0045007D4611 /* NetworkExtension.framework */; };
		A201D60522FF0058007D4611 /* NetworkExtension.framework in Frameworks */ = {isa = PBXBuildFile; fileRef = A201D60322FF0045007D4611 /* NetworkExtension.framework */; };
		A24F09A22307AECF00BD078B /* Provider+Config.swift in Sources */ = {isa = PBXBuildFile; fileRef = A24F09A12307AECF00BD078B /* Provider+Config.swift */; };
		A24F09A5230928B600BD078B /* ViewController.swift in Sources */ = {isa = PBXBuildFile; fileRef = A24F09A3230928B600BD078B /* ViewController.swift */; };
		A24F09A6230928B600BD078B /* ViewController.xib in Resources */ = {isa = PBXBuildFile; fileRef = A24F09A4230928B600BD078B /* ViewController.xib */; };
		A2CD3ED123180EAB000F7D10 /* MacVpnTests.swift in Sources */ = {isa = PBXBuildFile; fileRef = A2CD3ED023180EAB000F7D10 /* MacVpnTests.swift */; };
		A2CD3ED8231810D0000F7D10 /* Provider+WhiteList.swift in Sources */ = {isa = PBXBuildFile; fileRef = AA35F08B2314E2E40031EA2F /* Provider+WhiteList.swift */; };
		A2CD3ED9231810F0000F7D10 /* PacketTunnelProvider.swift in Sources */ = {isa = PBXBuildFile; fileRef = A201D5F722FF0014007D4611 /* PacketTunnelProvider.swift */; };
		A2CD3EDA2318121D000F7D10 /* Provider+Config.swift in Sources */ = {isa = PBXBuildFile; fileRef = A24F09A12307AECF00BD078B /* Provider+Config.swift */; };
		AA35F08C2314E2E40031EA2F /* Provider+WhiteList.swift in Sources */ = {isa = PBXBuildFile; fileRef = AA35F08B2314E2E40031EA2F /* Provider+WhiteList.swift */; };
		AA35F0C62318E7900031EA2F /* DataCenter.swift in Sources */ = {isa = PBXBuildFile; fileRef = AA35F0C52318E7900031EA2F /* DataCenter.swift */; };
		AA35F0C82318EFC30031EA2F /* DataCenter.swift in Sources */ = {isa = PBXBuildFile; fileRef = AA35F0C52318E7900031EA2F /* DataCenter.swift */; };
		AA35F0C92318F14E0031EA2F /* DataCenter.swift in Sources */ = {isa = PBXBuildFile; fileRef = AA35F0C52318E7900031EA2F /* DataCenter.swift */; };
/* End PBXBuildFile section */

/* Begin PBXContainerItemProxy section */
		A201D5FB22FF0014007D4611 /* PBXContainerItemProxy */ = {
			isa = PBXContainerItemProxy;
			containerPortal = A201D5D822FEFEDC007D4611 /* Project object */;
			proxyType = 1;
			remoteGlobalIDString = A201D5F422FF0014007D4611;
			remoteInfo = PacketTunnel;
		};
		A2CD3ED323180EAB000F7D10 /* PBXContainerItemProxy */ = {
			isa = PBXContainerItemProxy;
			containerPortal = A201D5D822FEFEDC007D4611 /* Project object */;
			proxyType = 1;
			remoteGlobalIDString = A201D5DF22FEFEDC007D4611;
			remoteInfo = MacVpn;
		};
/* End PBXContainerItemProxy section */

/* Begin PBXCopyFilesBuildPhase section */
		A201D60122FF0014007D4611 /* Embed App Extensions */ = {
			isa = PBXCopyFilesBuildPhase;
			buildActionMask = 2147483647;
			dstPath = "";
			dstSubfolderSpec = 13;
			files = (
				A201D5FD22FF0014007D4611 /* PacketTunnel.appex in Embed App Extensions */,
			);
			name = "Embed App Extensions";
			runOnlyForDeploymentPostprocessing = 0;
		};
/* End PBXCopyFilesBuildPhase section */

/* Begin PBXFileReference section */
		A201D5E022FEFEDC007D4611 /* MacVpn.app */ = {isa = PBXFileReference; explicitFileType = wrapper.application; includeInIndex = 0; path = MacVpn.app; sourceTree = BUILT_PRODUCTS_DIR; };
		A201D5E322FEFEDC007D4611 /* AppDelegate.swift */ = {isa = PBXFileReference; lastKnownFileType = sourcecode.swift; path = AppDelegate.swift; sourceTree = "<group>"; };
		A201D5E522FEFEDD007D4611 /* Assets.xcassets */ = {isa = PBXFileReference; lastKnownFileType = folder.assetcatalog; path = Assets.xcassets; sourceTree = "<group>"; };
		A201D5E822FEFEDD007D4611 /* Base */ = {isa = PBXFileReference; lastKnownFileType = file.xib; name = Base; path = Base.lproj/MainMenu.xib; sourceTree = "<group>"; };
		A201D5EA22FEFEDD007D4611 /* Info.plist */ = {isa = PBXFileReference; lastKnownFileType = text.plist.xml; path = Info.plist; sourceTree = "<group>"; };
		A201D5EB22FEFEDD007D4611 /* MacVpn.entitlements */ = {isa = PBXFileReference; lastKnownFileType = text.plist.entitlements; path = MacVpn.entitlements; sourceTree = "<group>"; };
		A201D5F522FF0014007D4611 /* PacketTunnel.appex */ = {isa = PBXFileReference; explicitFileType = "wrapper.app-extension"; includeInIndex = 0; path = PacketTunnel.appex; sourceTree = BUILT_PRODUCTS_DIR; };
		A201D5F722FF0014007D4611 /* PacketTunnelProvider.swift */ = {isa = PBXFileReference; lastKnownFileType = sourcecode.swift; path = PacketTunnelProvider.swift; sourceTree = "<group>"; };
		A201D5F922FF0014007D4611 /* Info.plist */ = {isa = PBXFileReference; lastKnownFileType = text.plist.xml; path = Info.plist; sourceTree = "<group>"; };
		A201D5FA22FF0014007D4611 /* PacketTunnel.entitlements */ = {isa = PBXFileReference; lastKnownFileType = text.plist.entitlements; path = PacketTunnel.entitlements; sourceTree = "<group>"; };
		A201D60322FF0045007D4611 /* NetworkExtension.framework */ = {isa = PBXFileReference; lastKnownFileType = wrapper.framework; name = NetworkExtension.framework; path = System/Library/Frameworks/NetworkExtension.framework; sourceTree = SDKROOT; };
		A24F09A12307AECF00BD078B /* Provider+Config.swift */ = {isa = PBXFileReference; lastKnownFileType = sourcecode.swift; path = "Provider+Config.swift"; sourceTree = "<group>"; };
		A24F09A3230928B600BD078B /* ViewController.swift */ = {isa = PBXFileReference; lastKnownFileType = sourcecode.swift; path = ViewController.swift; sourceTree = "<group>"; };
		A24F09A4230928B600BD078B /* ViewController.xib */ = {isa = PBXFileReference; lastKnownFileType = file.xib; path = ViewController.xib; sourceTree = "<group>"; };
		A2CD3ECE23180EAB000F7D10 /* MacVpnTests.xctest */ = {isa = PBXFileReference; explicitFileType = wrapper.cfbundle; includeInIndex = 0; path = MacVpnTests.xctest; sourceTree = BUILT_PRODUCTS_DIR; };
		A2CD3ED023180EAB000F7D10 /* MacVpnTests.swift */ = {isa = PBXFileReference; lastKnownFileType = sourcecode.swift; path = MacVpnTests.swift; sourceTree = "<group>"; };
		A2CD3ED223180EAB000F7D10 /* Info.plist */ = {isa = PBXFileReference; lastKnownFileType = text.plist.xml; path = Info.plist; sourceTree = "<group>"; };
		AA35F08B2314E2E40031EA2F /* Provider+WhiteList.swift */ = {isa = PBXFileReference; lastKnownFileType = sourcecode.swift; path = "Provider+WhiteList.swift"; sourceTree = "<group>"; };
		AA35F0C52318E7900031EA2F /* DataCenter.swift */ = {isa = PBXFileReference; lastKnownFileType = sourcecode.swift; path = DataCenter.swift; sourceTree = "<group>"; };
/* End PBXFileReference section */

/* Begin PBXFrameworksBuildPhase section */
		A201D5DD22FEFEDC007D4611 /* Frameworks */ = {
			isa = PBXFrameworksBuildPhase;
			buildActionMask = 2147483647;
			files = (
				A201D60422FF0045007D4611 /* NetworkExtension.framework in Frameworks */,
			);
			runOnlyForDeploymentPostprocessing = 0;
		};
		A201D5F222FF0014007D4611 /* Frameworks */ = {
			isa = PBXFrameworksBuildPhase;
			buildActionMask = 2147483647;
			files = (
				A201D60522FF0058007D4611 /* NetworkExtension.framework in Frameworks */,
			);
			runOnlyForDeploymentPostprocessing = 0;
		};
		A2CD3ECB23180EAB000F7D10 /* Frameworks */ = {
			isa = PBXFrameworksBuildPhase;
			buildActionMask = 2147483647;
			files = (
			);
			runOnlyForDeploymentPostprocessing = 0;
		};
/* End PBXFrameworksBuildPhase section */

/* Begin PBXGroup section */
		A201D5D722FEFEDC007D4611 = {
			isa = PBXGroup;
			children = (
				A201D5E222FEFEDC007D4611 /* MacVpn */,
				A201D5F622FF0014007D4611 /* PacketTunnel */,
				A2CD3ECF23180EAB000F7D10 /* MacVpnTests */,
				A201D5E122FEFEDC007D4611 /* Products */,
				A201D60222FF0045007D4611 /* Frameworks */,
			);
			sourceTree = "<group>";
		};
		A201D5E122FEFEDC007D4611 /* Products */ = {
			isa = PBXGroup;
			children = (
				A201D5E022FEFEDC007D4611 /* MacVpn.app */,
				A201D5F522FF0014007D4611 /* PacketTunnel.appex */,
				A2CD3ECE23180EAB000F7D10 /* MacVpnTests.xctest */,
			);
			name = Products;
			sourceTree = "<group>";
		};
		A201D5E222FEFEDC007D4611 /* MacVpn */ = {
			isa = PBXGroup;
			children = (
				A201D5E322FEFEDC007D4611 /* AppDelegate.swift */,
				A201D5E522FEFEDD007D4611 /* Assets.xcassets */,
				A201D5E722FEFEDD007D4611 /* MainMenu.xib */,
				A24F09A3230928B600BD078B /* ViewController.swift */,
				AA35F0C52318E7900031EA2F /* DataCenter.swift */,
				A24F09A4230928B600BD078B /* ViewController.xib */,
				A201D5EA22FEFEDD007D4611 /* Info.plist */,
				A201D5EB22FEFEDD007D4611 /* MacVpn.entitlements */,
			);
			path = MacVpn;
			sourceTree = "<group>";
		};
		A201D5F622FF0014007D4611 /* PacketTunnel */ = {
			isa = PBXGroup;
			children = (
				A201D5F722FF0014007D4611 /* PacketTunnelProvider.swift */,
				A24F09A12307AECF00BD078B /* Provider+Config.swift */,
				AA35F08B2314E2E40031EA2F /* Provider+WhiteList.swift */,
				A201D5F922FF0014007D4611 /* Info.plist */,
				A201D5FA22FF0014007D4611 /* PacketTunnel.entitlements */,
			);
			path = PacketTunnel;
			sourceTree = "<group>";
		};
		A201D60222FF0045007D4611 /* Frameworks */ = {
			isa = PBXGroup;
			children = (
				A201D60322FF0045007D4611 /* NetworkExtension.framework */,
			);
			name = Frameworks;
			sourceTree = "<group>";
		};
		A2CD3ECF23180EAB000F7D10 /* MacVpnTests */ = {
			isa = PBXGroup;
			children = (
				A2CD3ED023180EAB000F7D10 /* MacVpnTests.swift */,
				A2CD3ED223180EAB000F7D10 /* Info.plist */,
			);
			path = MacVpnTests;
			sourceTree = "<group>";
		};
/* End PBXGroup section */

/* Begin PBXNativeTarget section */
		A201D5DF22FEFEDC007D4611 /* MacVpn */ = {
			isa = PBXNativeTarget;
			buildConfigurationList = A201D5EE22FEFEDD007D4611 /* Build configuration list for PBXNativeTarget "MacVpn" */;
			buildPhases = (
				A201D5DC22FEFEDC007D4611 /* Sources */,
				A201D5DD22FEFEDC007D4611 /* Frameworks */,
				A201D5DE22FEFEDC007D4611 /* Resources */,
				A201D60122FF0014007D4611 /* Embed App Extensions */,
			);
			buildRules = (
			);
			dependencies = (
				A201D5FC22FF0014007D4611 /* PBXTargetDependency */,
			);
			name = MacVpn;
			productName = MacVpn;
			productReference = A201D5E022FEFEDC007D4611 /* MacVpn.app */;
			productType = "com.apple.product-type.application";
		};
		A201D5F422FF0014007D4611 /* PacketTunnel */ = {
			isa = PBXNativeTarget;
			buildConfigurationList = A201D5FE22FF0014007D4611 /* Build configuration list for PBXNativeTarget "PacketTunnel" */;
			buildPhases = (
				A201D5F122FF0014007D4611 /* Sources */,
				A201D5F222FF0014007D4611 /* Frameworks */,
				A201D5F322FF0014007D4611 /* Resources */,
			);
			buildRules = (
			);
			dependencies = (
			);
			name = PacketTunnel;
			productName = PacketTunnel;
			productReference = A201D5F522FF0014007D4611 /* PacketTunnel.appex */;
			productType = "com.apple.product-type.app-extension";
		};
		A2CD3ECD23180EAB000F7D10 /* MacVpnTests */ = {
			isa = PBXNativeTarget;
			buildConfigurationList = A2CD3ED723180EAB000F7D10 /* Build configuration list for PBXNativeTarget "MacVpnTests" */;
			buildPhases = (
				A2CD3ECA23180EAB000F7D10 /* Sources */,
				A2CD3ECB23180EAB000F7D10 /* Frameworks */,
				A2CD3ECC23180EAB000F7D10 /* Resources */,
			);
			buildRules = (
			);
			dependencies = (
				A2CD3ED423180EAB000F7D10 /* PBXTargetDependency */,
			);
			name = MacVpnTests;
			productName = MacVpnTests;
			productReference = A2CD3ECE23180EAB000F7D10 /* MacVpnTests.xctest */;
			productType = "com.apple.product-type.bundle.unit-test";
		};
/* End PBXNativeTarget section */

/* Begin PBXProject section */
		A201D5D822FEFEDC007D4611 /* Project object */ = {
			isa = PBXProject;
			attributes = {
				LastSwiftUpdateCheck = 1020;
				LastUpgradeCheck = 1020;
				ORGANIZATIONNAME = "朱熙";
				TargetAttributes = {
					A201D5DF22FEFEDC007D4611 = {
						CreatedOnToolsVersion = 10.2.1;
						SystemCapabilities = {
							com.apple.ApplicationGroups.Mac = {
								enabled = 1;
							};
							com.apple.Keychain = {
								enabled = 1;
							};
							com.apple.NetworkExtensions = {
								enabled = 1;
							};
							com.apple.Sandbox = {
								enabled = 1;
							};
							com.apple.VPNLite = {
								enabled = 1;
							};
						};
					};
					A201D5F422FF0014007D4611 = {
						CreatedOnToolsVersion = 10.2.1;
						SystemCapabilities = {
							com.apple.ApplicationGroups.Mac = {
								enabled = 1;
							};
							com.apple.Keychain = {
								enabled = 1;
							};
							com.apple.Sandbox = {
								enabled = 1;
							};
						};
					};
					A2CD3ECD23180EAB000F7D10 = {
						CreatedOnToolsVersion = 10.2.1;
						TestTargetID = A201D5DF22FEFEDC007D4611;
					};
				};
			};
			buildConfigurationList = A201D5DB22FEFEDC007D4611 /* Build configuration list for PBXProject "MacVpn" */;
			compatibilityVersion = "Xcode 9.3";
			developmentRegion = en;
			hasScannedForEncodings = 0;
			knownRegions = (
				en,
				Base,
			);
			mainGroup = A201D5D722FEFEDC007D4611;
			productRefGroup = A201D5E122FEFEDC007D4611 /* Products */;
			projectDirPath = "";
			projectRoot = "";
			targets = (
				A201D5DF22FEFEDC007D4611 /* MacVpn */,
				A201D5F422FF0014007D4611 /* PacketTunnel */,
				A2CD3ECD23180EAB000F7D10 /* MacVpnTests */,
			);
		};
/* End PBXProject section */

/* Begin PBXResourcesBuildPhase section */
		A201D5DE22FEFEDC007D4611 /* Resources */ = {
			isa = PBXResourcesBuildPhase;
			buildActionMask = 2147483647;
			files = (
				A201D5E622FEFEDD007D4611 /* Assets.xcassets in Resources */,
				A24F09A6230928B600BD078B /* ViewController.xib in Resources */,
				A201D5E922FEFEDD007D4611 /* MainMenu.xib in Resources */,
			);
			runOnlyForDeploymentPostprocessing = 0;
		};
		A201D5F322FF0014007D4611 /* Resources */ = {
			isa = PBXResourcesBuildPhase;
			buildActionMask = 2147483647;
			files = (
			);
			runOnlyForDeploymentPostprocessing = 0;
		};
		A2CD3ECC23180EAB000F7D10 /* Resources */ = {
			isa = PBXResourcesBuildPhase;
			buildActionMask = 2147483647;
			files = (
			);
			runOnlyForDeploymentPostprocessing = 0;
		};
/* End PBXResourcesBuildPhase section */

/* Begin PBXSourcesBuildPhase section */
		A201D5DC22FEFEDC007D4611 /* Sources */ = {
			isa = PBXSourcesBuildPhase;
			buildActionMask = 2147483647;
			files = (
				AA35F0C62318E7900031EA2F /* DataCenter.swift in Sources */,
				A24F09A5230928B600BD078B /* ViewController.swift in Sources */,
				A201D5E422FEFEDC007D4611 /* AppDelegate.swift in Sources */,
			);
			runOnlyForDeploymentPostprocessing = 0;
		};
		A201D5F122FF0014007D4611 /* Sources */ = {
			isa = PBXSourcesBuildPhase;
			buildActionMask = 2147483647;
			files = (
				A24F09A22307AECF00BD078B /* Provider+Config.swift in Sources */,
				A201D5F822FF0014007D4611 /* PacketTunnelProvider.swift in Sources */,
				AA35F0C82318EFC30031EA2F /* DataCenter.swift in Sources */,
				AA35F08C2314E2E40031EA2F /* Provider+WhiteList.swift in Sources */,
			);
			runOnlyForDeploymentPostprocessing = 0;
		};
		A2CD3ECA23180EAB000F7D10 /* Sources */ = {
			isa = PBXSourcesBuildPhase;
			buildActionMask = 2147483647;
			files = (
				A2CD3EDA2318121D000F7D10 /* Provider+Config.swift in Sources */,
				A2CD3ED8231810D0000F7D10 /* Provider+WhiteList.swift in Sources */,
				AA35F0C92318F14E0031EA2F /* DataCenter.swift in Sources */,
				A2CD3ED123180EAB000F7D10 /* MacVpnTests.swift in Sources */,
				A2CD3ED9231810F0000F7D10 /* PacketTunnelProvider.swift in Sources */,
			);
			runOnlyForDeploymentPostprocessing = 0;
		};
/* End PBXSourcesBuildPhase section */

/* Begin PBXTargetDependency section */
		A201D5FC22FF0014007D4611 /* PBXTargetDependency */ = {
			isa = PBXTargetDependency;
			target = A201D5F422FF0014007D4611 /* PacketTunnel */;
			targetProxy = A201D5FB22FF0014007D4611 /* PBXContainerItemProxy */;
		};
		A2CD3ED423180EAB000F7D10 /* PBXTargetDependency */ = {
			isa = PBXTargetDependency;
			target = A201D5DF22FEFEDC007D4611 /* MacVpn */;
			targetProxy = A2CD3ED323180EAB000F7D10 /* PBXContainerItemProxy */;
		};
/* End PBXTargetDependency section */

/* Begin PBXVariantGroup section */
		A201D5E722FEFEDD007D4611 /* MainMenu.xib */ = {
			isa = PBXVariantGroup;
			children = (
				A201D5E822FEFEDD007D4611 /* Base */,
			);
			name = MainMenu.xib;
			sourceTree = "<group>";
		};
/* End PBXVariantGroup section */

/* Begin XCBuildConfiguration section */
		A201D5EC22FEFEDD007D4611 /* Debug */ = {
			isa = XCBuildConfiguration;
			buildSettings = {
				ALWAYS_SEARCH_USER_PATHS = NO;
				CLANG_ANALYZER_NONNULL = YES;
				CLANG_ANALYZER_NUMBER_OBJECT_CONVERSION = YES_AGGRESSIVE;
				CLANG_CXX_LANGUAGE_STANDARD = "gnu++14";
				CLANG_CXX_LIBRARY = "libc++";
				CLANG_ENABLE_MODULES = YES;
				CLANG_ENABLE_OBJC_ARC = YES;
				CLANG_ENABLE_OBJC_WEAK = YES;
				CLANG_WARN_BLOCK_CAPTURE_AUTORELEASING = YES;
				CLANG_WARN_BOOL_CONVERSION = YES;
				CLANG_WARN_COMMA = YES;
				CLANG_WARN_CONSTANT_CONVERSION = YES;
				CLANG_WARN_DEPRECATED_OBJC_IMPLEMENTATIONS = YES;
				CLANG_WARN_DIRECT_OBJC_ISA_USAGE = YES_ERROR;
				CLANG_WARN_DOCUMENTATION_COMMENTS = YES;
				CLANG_WARN_EMPTY_BODY = YES;
				CLANG_WARN_ENUM_CONVERSION = YES;
				CLANG_WARN_INFINITE_RECURSION = YES;
				CLANG_WARN_INT_CONVERSION = YES;
				CLANG_WARN_NON_LITERAL_NULL_CONVERSION = YES;
				CLANG_WARN_OBJC_IMPLICIT_RETAIN_SELF = YES;
				CLANG_WARN_OBJC_LITERAL_CONVERSION = YES;
				CLANG_WARN_OBJC_ROOT_CLASS = YES_ERROR;
				CLANG_WARN_RANGE_LOOP_ANALYSIS = YES;
				CLANG_WARN_STRICT_PROTOTYPES = YES;
				CLANG_WARN_SUSPICIOUS_MOVE = YES;
				CLANG_WARN_UNGUARDED_AVAILABILITY = YES_AGGRESSIVE;
				CLANG_WARN_UNREACHABLE_CODE = YES;
				CLANG_WARN__DUPLICATE_METHOD_MATCH = YES;
				CODE_SIGN_IDENTITY = "Mac Developer";
				COPY_PHASE_STRIP = NO;
				DEBUG_INFORMATION_FORMAT = dwarf;
				ENABLE_STRICT_OBJC_MSGSEND = YES;
				ENABLE_TESTABILITY = YES;
				GCC_C_LANGUAGE_STANDARD = gnu11;
				GCC_DYNAMIC_NO_PIC = NO;
				GCC_NO_COMMON_BLOCKS = YES;
				GCC_OPTIMIZATION_LEVEL = 0;
				GCC_PREPROCESSOR_DEFINITIONS = (
					"DEBUG=1",
					"$(inherited)",
				);
				GCC_WARN_64_TO_32_BIT_CONVERSION = YES;
				GCC_WARN_ABOUT_RETURN_TYPE = YES_ERROR;
				GCC_WARN_UNDECLARED_SELECTOR = YES;
				GCC_WARN_UNINITIALIZED_AUTOS = YES_AGGRESSIVE;
				GCC_WARN_UNUSED_FUNCTION = YES;
				GCC_WARN_UNUSED_VARIABLE = YES;
				MACOSX_DEPLOYMENT_TARGET = 10.14;
				MTL_ENABLE_DEBUG_INFO = INCLUDE_SOURCE;
				MTL_FAST_MATH = YES;
				ONLY_ACTIVE_ARCH = YES;
				SDKROOT = macosx;
				SWIFT_ACTIVE_COMPILATION_CONDITIONS = DEBUG;
				SWIFT_OPTIMIZATION_LEVEL = "-Onone";
			};
			name = Debug;
		};
		A201D5ED22FEFEDD007D4611 /* Release */ = {
			isa = XCBuildConfiguration;
			buildSettings = {
				ALWAYS_SEARCH_USER_PATHS = NO;
				CLANG_ANALYZER_NONNULL = YES;
				CLANG_ANALYZER_NUMBER_OBJECT_CONVERSION = YES_AGGRESSIVE;
				CLANG_CXX_LANGUAGE_STANDARD = "gnu++14";
				CLANG_CXX_LIBRARY = "libc++";
				CLANG_ENABLE_MODULES = YES;
				CLANG_ENABLE_OBJC_ARC = YES;
				CLANG_ENABLE_OBJC_WEAK = YES;
				CLANG_WARN_BLOCK_CAPTURE_AUTORELEASING = YES;
				CLANG_WARN_BOOL_CONVERSION = YES;
				CLANG_WARN_COMMA = YES;
				CLANG_WARN_CONSTANT_CONVERSION = YES;
				CLANG_WARN_DEPRECATED_OBJC_IMPLEMENTATIONS = YES;
				CLANG_WARN_DIRECT_OBJC_ISA_USAGE = YES_ERROR;
				CLANG_WARN_DOCUMENTATION_COMMENTS = YES;
				CLANG_WARN_EMPTY_BODY = YES;
				CLANG_WARN_ENUM_CONVERSION = YES;
				CLANG_WARN_INFINITE_RECURSION = YES;
				CLANG_WARN_INT_CONVERSION = YES;
				CLANG_WARN_NON_LITERAL_NULL_CONVERSION = YES;
				CLANG_WARN_OBJC_IMPLICIT_RETAIN_SELF = YES;
				CLANG_WARN_OBJC_LITERAL_CONVERSION = YES;
				CLANG_WARN_OBJC_ROOT_CLASS = YES_ERROR;
				CLANG_WARN_RANGE_LOOP_ANALYSIS = YES;
				CLANG_WARN_STRICT_PROTOTYPES = YES;
				CLANG_WARN_SUSPICIOUS_MOVE = YES;
				CLANG_WARN_UNGUARDED_AVAILABILITY = YES_AGGRESSIVE;
				CLANG_WARN_UNREACHABLE_CODE = YES;
				CLANG_WARN__DUPLICATE_METHOD_MATCH = YES;
				CODE_SIGN_IDENTITY = "Mac Developer";
				COPY_PHASE_STRIP = NO;
				DEBUG_INFORMATION_FORMAT = "dwarf-with-dsym";
				ENABLE_NS_ASSERTIONS = NO;
				ENABLE_STRICT_OBJC_MSGSEND = YES;
				GCC_C_LANGUAGE_STANDARD = gnu11;
				GCC_NO_COMMON_BLOCKS = YES;
				GCC_WARN_64_TO_32_BIT_CONVERSION = YES;
				GCC_WARN_ABOUT_RETURN_TYPE = YES_ERROR;
				GCC_WARN_UNDECLARED_SELECTOR = YES;
				GCC_WARN_UNINITIALIZED_AUTOS = YES_AGGRESSIVE;
				GCC_WARN_UNUSED_FUNCTION = YES;
				GCC_WARN_UNUSED_VARIABLE = YES;
				MACOSX_DEPLOYMENT_TARGET = 10.14;
				MTL_ENABLE_DEBUG_INFO = NO;
				MTL_FAST_MATH = YES;
				SDKROOT = macosx;
				SWIFT_COMPILATION_MODE = wholemodule;
				SWIFT_OPTIMIZATION_LEVEL = "-O";
			};
			name = Release;
		};
		A201D5EF22FEFEDD007D4611 /* Debug */ = {
			isa = XCBuildConfiguration;
			buildSettings = {
				ALWAYS_EMBED_SWIFT_STANDARD_LIBRARIES = YES;
				ASSETCATALOG_COMPILER_APPICON_NAME = AppIcon;
				CODE_SIGN_ENTITLEMENTS = MacVpn/MacVpn.entitlements;
				CODE_SIGN_STYLE = Manual;
				COMBINE_HIDPI_IMAGES = YES;
				DEVELOPMENT_TEAM = 95923X8WXP;
				INFOPLIST_FILE = MacVpn/Info.plist;
				LD_RUNPATH_SEARCH_PATHS = (
					"$(inherited)",
					"@executable_path/../Frameworks",
				);
				PRODUCT_BUNDLE_IDENTIFIER = com.xizi.macvpn;
				PRODUCT_NAME = "$(TARGET_NAME)";
				PROVISIONING_PROFILE_SPECIFIER = "mac vpn";
				SWIFT_VERSION = 5.0;
			};
			name = Debug;
		};
		A201D5F022FEFEDD007D4611 /* Release */ = {
			isa = XCBuildConfiguration;
			buildSettings = {
				ALWAYS_EMBED_SWIFT_STANDARD_LIBRARIES = YES;
				ASSETCATALOG_COMPILER_APPICON_NAME = AppIcon;
				CODE_SIGN_ENTITLEMENTS = MacVpn/MacVpn.entitlements;
				CODE_SIGN_IDENTITY = "3rd Party Mac Developer Application";
				CODE_SIGN_STYLE = Manual;
				COMBINE_HIDPI_IMAGES = YES;
				DEVELOPMENT_TEAM = 95923X8WXP;
				INFOPLIST_FILE = MacVpn/Info.plist;
				LD_RUNPATH_SEARCH_PATHS = (
					"$(inherited)",
					"@executable_path/../Frameworks",
				);
				PRODUCT_BUNDLE_IDENTIFIER = com.xizi.macvpn;
				PRODUCT_NAME = "$(TARGET_NAME)";
				PROVISIONING_PROFILE_SPECIFIER = "mac vpn app store";
				SWIFT_VERSION = 5.0;
			};
			name = Release;
		};
		A201D5FF22FF0014007D4611 /* Debug */ = {
			isa = XCBuildConfiguration;
			buildSettings = {
				CODE_SIGN_ENTITLEMENTS = PacketTunnel/PacketTunnel.entitlements;
				CODE_SIGN_STYLE = Manual;
				DEVELOPMENT_TEAM = 95923X8WXP;
				INFOPLIST_FILE = PacketTunnel/Info.plist;
				LD_RUNPATH_SEARCH_PATHS = (
					"$(inherited)",
					"@executable_path/../Frameworks",
					"@executable_path/../../../../Frameworks",
				);
				PRODUCT_BUNDLE_IDENTIFIER = com.xizi.macvpn.PacketTunnel;
				PRODUCT_NAME = "$(TARGET_NAME)";
				PROVISIONING_PROFILE_SPECIFIER = "mac tunnel";
				SKIP_INSTALL = YES;
				SWIFT_VERSION = 5.0;
			};
			name = Debug;
		};
		A201D60022FF0014007D4611 /* Release */ = {
			isa = XCBuildConfiguration;
			buildSettings = {
				CODE_SIGN_ENTITLEMENTS = PacketTunnel/PacketTunnel.entitlements;
				CODE_SIGN_IDENTITY = "3rd Party Mac Developer Application";
				CODE_SIGN_STYLE = Manual;
				DEVELOPMENT_TEAM = 95923X8WXP;
				INFOPLIST_FILE = PacketTunnel/Info.plist;
				LD_RUNPATH_SEARCH_PATHS = (
					"$(inherited)",
					"@executable_path/../Frameworks",
					"@executable_path/../../../../Frameworks",
				);
				PRODUCT_BUNDLE_IDENTIFIER = com.xizi.macvpn.PacketTunnel;
				PRODUCT_NAME = "$(TARGET_NAME)";
				PROVISIONING_PROFILE_SPECIFIER = "mac tunnel app store";
				SKIP_INSTALL = YES;
				SWIFT_VERSION = 5.0;
			};
			name = Release;
		};
		A2CD3ED523180EAB000F7D10 /* Debug */ = {
			isa = XCBuildConfiguration;
			buildSettings = {
				BUNDLE_LOADER = "$(TEST_HOST)";
				CODE_SIGN_STYLE = Automatic;
				COMBINE_HIDPI_IMAGES = YES;
				DEVELOPMENT_TEAM = 95923X8WXP;
				INFOPLIST_FILE = MacVpnTests/Info.plist;
				LD_RUNPATH_SEARCH_PATHS = (
					"$(inherited)",
					"@executable_path/../Frameworks",
					"@loader_path/../Frameworks",
				);
				PRODUCT_BUNDLE_IDENTIFIER = com.xizi.MacVpnTests;
				PRODUCT_NAME = "$(TARGET_NAME)";
				SWIFT_VERSION = 5.0;
				TEST_HOST = "$(BUILT_PRODUCTS_DIR)/MacVpn.app/Contents/MacOS/MacVpn";
			};
			name = Debug;
		};
		A2CD3ED623180EAB000F7D10 /* Release */ = {
			isa = XCBuildConfiguration;
			buildSettings = {
				BUNDLE_LOADER = "$(TEST_HOST)";
				CODE_SIGN_STYLE = Automatic;
				COMBINE_HIDPI_IMAGES = YES;
				DEVELOPMENT_TEAM = 95923X8WXP;
				INFOPLIST_FILE = MacVpnTests/Info.plist;
				LD_RUNPATH_SEARCH_PATHS = (
					"$(inherited)",
					"@executable_path/../Frameworks",
					"@loader_path/../Frameworks",
				);
				PRODUCT_BUNDLE_IDENTIFIER = com.xizi.MacVpnTests;
				PRODUCT_NAME = "$(TARGET_NAME)";
				SWIFT_VERSION = 5.0;
				TEST_HOST = "$(BUILT_PRODUCTS_DIR)/MacVpn.app/Contents/MacOS/MacVpn";
			};
			name = Release;
		};
/* End XCBuildConfiguration section */

/* Begin XCConfigurationList section */
		A201D5DB22FEFEDC007D4611 /* Build configuration list for PBXProject "MacVpn" */ = {
			isa = XCConfigurationList;
			buildConfigurations = (
				A201D5EC22FEFEDD007D4611 /* Debug */,
				A201D5ED22FEFEDD007D4611 /* Release */,
			);
			defaultConfigurationIsVisible = 0;
			defaultConfigurationName = Release;
		};
		A201D5EE22FEFEDD007D4611 /* Build configuration list for PBXNativeTarget "MacVpn" */ = {
			isa = XCConfigurationList;
			buildConfigurations = (
				A201D5EF22FEFEDD007D4611 /* Debug */,
				A201D5F022FEFEDD007D4611 /* Release */,
			);
			defaultConfigurationIsVisible = 0;
			defaultConfigurationName = Release;
		};
		A201D5FE22FF0014007D4611 /* Build configuration list for PBXNativeTarget "PacketTunnel" */ = {
			isa = XCConfigurationList;
			buildConfigurations = (
				A201D5FF22FF0014007D4611 /* Debug */,
				A201D60022FF0014007D4611 /* Release */,
			);
			defaultConfigurationIsVisible = 0;
			defaultConfigurationName = Release;
		};
		A2CD3ED723180EAB000F7D10 /* Build configuration list for PBXNativeTarget "MacVpnTests" */ = {
			isa = XCConfigurationList;
			buildConfigurations = (
				A2CD3ED523180EAB000F7D10 /* Debug */,
				A2CD3ED623180EAB000F7D10 /* Release */,
			);
			defaultConfigurationIsVisible = 0;
			defaultConfigurationName = Release;
		};
/* End XCConfigurationList section */
	};
	rootObject = A201D5D822FEFEDC007D4611 /* Project object */;
}
